
Microsoft Visual Studio Solution File, Format Version 12.00
# Visual Studio Version 16
VisualStudioVersion = 16.0.32126.315
MinimumVisualStudioVersion = 10.0.40219.1
Project("{FAE04EC0-301F-11D3-BF4B-00C04F79EFBC}") = "SmartAssemblyTFI", "SmartAssemblyTFI\SmartAssemblyTFI.csproj", "{94CD1647-E4ED-4C09-827A-9CE3125E687A}"
EndProject
Project("{FAE04EC0-301F-11D3-BF4B-00C04F79EFBC}") = "Aplicacion", "Aplicacion\Aplicacion.csproj", "{BC6EB93A-C5AC-4879-B1F4-B5F11DCC4A96}"
EndProject
Project("{FAE04EC0-301F-11D3-BF4B-00C04F79EFBC}") = "Dominio", "Dominio\Dominio.csproj", "{82618AE1-415E-4044-BF93-E9682DD6944D}"
EndProject
Project("{FAE04EC0-301F-11D3-BF4B-00C04F79EFBC}") = "ConsoleTest", "ConsoleTest\ConsoleTest.csproj", "{FC19A108-7940-4EBF-A2A4-D4125484E2AB}"
EndProject
Project("{FAE04EC0-301F-11D3-BF4B-00C04F79EFBC}") = "Repositorio", "Repositorio\Repositorio.csproj", "{16B9F832-ECF6-441F-94B9-4A41747E907D}"
EndProject
Project("{FAE04EC0-301F-11D3-BF4B-00C04F79EFBC}") = "TestUnitarios", "UnitTests\TestUnitarios.csproj", "{1F70431C-8E4E-41FD-B998-36937C956449}"
EndProject
Global
	GlobalSection(SolutionConfigurationPlatforms) = preSolution
		Debug|Any CPU = Debug|Any CPU
		Release|Any CPU = Release|Any CPU
	EndGlobalSection
	GlobalSection(ProjectConfigurationPlatforms) = postSolution
		{94CD1647-E4ED-4C09-827A-9CE3125E687A}.Debug|Any CPU.ActiveCfg = Debug|Any CPU
		{94CD1647-E4ED-4C09-827A-9CE3125E687A}.Debug|Any CPU.Build.0 = Debug|Any CPU
		{94CD1647-E4ED-4C09-827A-9CE3125E687A}.Release|Any CPU.ActiveCfg = Release|Any CPU
		{94CD1647-E4ED-4C09-827A-9CE3125E687A}.Release|Any CPU.Build.0 = Release|Any CPU
		{BC6EB93A-C5AC-4879-B1F4-B5F11DCC4A96}.Debug|Any CPU.ActiveCfg = Debug|Any CPU
		{BC6EB93A-C5AC-4879-B1F4-B5F11DCC4A96}.Debug|Any CPU.Build.0 = Debug|Any CPU
		{BC6EB93A-C5AC-4879-B1F4-B5F11DCC4A96}.Release|Any CPU.ActiveCfg = Release|Any CPU
		{BC6EB93A-C5AC-4879-B1F4-B5F11DCC4A96}.Release|Any CPU.Build.0 = Release|Any CPU
		{82618AE1-415E-4044-BF93-E9682DD6944D}.Debug|Any CPU.ActiveCfg = Debug|Any CPU
		{82618AE1-415E-4044-BF93-E9682DD6944D}.Debug|Any CPU.Build.0 = Debug|Any CPU
		{82618AE1-415E-4044-BF93-E9682DD6944D}.Release|Any CPU.ActiveCfg = Release|Any CPU
		{82618AE1-415E-4044-BF93-E9682DD6944D}.Release|Any CPU.Build.0 = Release|Any CPU
		{FC19A108-7940-4EBF-A2A4-D4125484E2AB}.Debug|Any CPU.ActiveCfg = Debug|Any CPU
		{FC19A108-7940-4EBF-A2A4-D4125484E2AB}.Debug|Any CPU.Build.0 = Debug|Any CPU
		{FC19A108-7940-4EBF-A2A4-D4125484E2AB}.Release|Any CPU.ActiveCfg = Release|Any CPU
		{FC19A108-7940-4EBF-A2A4-D4125484E2AB}.Release|Any CPU.Build.0 = Release|Any CPU
		{16B9F832-ECF6-441F-94B9-4A41747E907D}.Debug|Any CPU.ActiveCfg = Debug|Any CPU
		{16B9F832-ECF6-441F-94B9-4A41747E907D}.Debug|Any CPU.Build.0 = Debug|Any CPU
		{16B9F832-ECF6-441F-94B9-4A41747E907D}.Release|Any CPU.ActiveCfg = Release|Any CPU
		{16B9F832-ECF6-441F-94B9-4A41747E907D}.Release|Any CPU.Build.0 = Release|Any CPU
		{1F70431C-8E4E-41FD-B998-36937C956449}.Debug|Any CPU.ActiveCfg = Debug|Any CPU
		{1F70431C-8E4E-41FD-B998-36937C956449}.Debug|Any CPU.Build.0 = Debug|Any CPU
		{1F70431C-8E4E-41FD-B998-36937C956449}.Release|Any CPU.ActiveCfg = Release|Any CPU
		{1F70431C-8E4E-41FD-B998-36937C956449}.Release|Any CPU.Build.0 = Release|Any CPU
	EndGlobalSection
	GlobalSection(SolutionProperties) = preSolution
		HideSolutionNode = FALSE
	EndGlobalSection
	GlobalSection(ExtensibilityGlobals) = postSolution
		SolutionGuid = {80E47EE8-8404-4A4F-BBC1-78D1EDF84A05}
	EndGlobalSection
EndGlobal
